
Microsoft Visual Studio Solution File, Format Version 12.00
Project("{FAE04EC0-301F-11D3-BF4B-00C04F79EFBC}") = "Cqrs", "Cqrs\Cqrs.csproj", "{D8992BF5-D7BD-4540-8279-05678B583C4D}"
EndProject
Project("{FAE04EC0-301F-11D3-BF4B-00C04F79EFBC}") = "LinkExtractor.Tests", "Test\LinkExtractor.Tests\LinkExtractor.Tests.csproj", "{F6B5BCB7-2F34-4EA7-A043-D8F8B1BE6180}"
EndProject
Project("{2150E333-8FDC-42A3-9474-1A3956D46DE8}") = "Plugin", "Plugin", "{279CCB5C-D03C-449D-87A0-390B42D247A4}"
EndProject
Project("{2150E333-8FDC-42A3-9474-1A3956D46DE8}") = "Instagram", "Instagram", "{5BE92DA9-4C90-4E81-95C9-3B0A7D20BDEF}"
EndProject
Project("{FAE04EC0-301F-11D3-BF4B-00C04F79EFBC}") = "LinkExtractor.Instagram", "Plugin\LinkExtractor.Instagram\LinkExtractor.Instagram.csproj", "{76114B0A-38EC-4AFB-8E93-65DE67E64CF9}"
EndProject
Project("{FAE04EC0-301F-11D3-BF4B-00C04F79EFBC}") = "LinkExtractor.Instagram.Tests", "Test\LinkExtractor.Instagram.Tests\LinkExtractor.Instagram.Tests.csproj", "{08956770-8014-47B7-B5A0-1928EB8E905F}"
EndProject
Global
	GlobalSection(SolutionConfigurationPlatforms) = preSolution
		Debug|Any CPU = Debug|Any CPU
		Release|Any CPU = Release|Any CPU
	EndGlobalSection
	GlobalSection(ProjectConfigurationPlatforms) = postSolution
		{D8992BF5-D7BD-4540-8279-05678B583C4D}.Debug|Any CPU.ActiveCfg = Debug|Any CPU
		{D8992BF5-D7BD-4540-8279-05678B583C4D}.Debug|Any CPU.Build.0 = Debug|Any CPU
		{D8992BF5-D7BD-4540-8279-05678B583C4D}.Release|Any CPU.ActiveCfg = Release|Any CPU
		{D8992BF5-D7BD-4540-8279-05678B583C4D}.Release|Any CPU.Build.0 = Release|Any CPU
		{F6B5BCB7-2F34-4EA7-A043-D8F8B1BE6180}.Debug|Any CPU.ActiveCfg = Debug|Any CPU
		{F6B5BCB7-2F34-4EA7-A043-D8F8B1BE6180}.Debug|Any CPU.Build.0 = Debug|Any CPU
		{F6B5BCB7-2F34-4EA7-A043-D8F8B1BE6180}.Release|Any CPU.ActiveCfg = Release|Any CPU
		{F6B5BCB7-2F34-4EA7-A043-D8F8B1BE6180}.Release|Any CPU.Build.0 = Release|Any CPU
		{76114B0A-38EC-4AFB-8E93-65DE67E64CF9}.Debug|Any CPU.ActiveCfg = Debug|Any CPU
		{76114B0A-38EC-4AFB-8E93-65DE67E64CF9}.Debug|Any CPU.Build.0 = Debug|Any CPU
		{76114B0A-38EC-4AFB-8E93-65DE67E64CF9}.Release|Any CPU.ActiveCfg = Release|Any CPU
		{76114B0A-38EC-4AFB-8E93-65DE67E64CF9}.Release|Any CPU.Build.0 = Release|Any CPU
		{08956770-8014-47B7-B5A0-1928EB8E905F}.Debug|Any CPU.ActiveCfg = Debug|Any CPU
		{08956770-8014-47B7-B5A0-1928EB8E905F}.Debug|Any CPU.Build.0 = Debug|Any CPU
		{08956770-8014-47B7-B5A0-1928EB8E905F}.Release|Any CPU.ActiveCfg = Release|Any CPU
		{08956770-8014-47B7-B5A0-1928EB8E905F}.Release|Any CPU.Build.0 = Release|Any CPU
	EndGlobalSection
	GlobalSection(NestedProjects) = preSolution
		{5BE92DA9-4C90-4E81-95C9-3B0A7D20BDEF} = {279CCB5C-D03C-449D-87A0-390B42D247A4}
		{76114B0A-38EC-4AFB-8E93-65DE67E64CF9} = {5BE92DA9-4C90-4E81-95C9-3B0A7D20BDEF}
		{08956770-8014-47B7-B5A0-1928EB8E905F} = {5BE92DA9-4C90-4E81-95C9-3B0A7D20BDEF}
	EndGlobalSection
EndGlobal
