
Microsoft Visual Studio Solution File, Format Version 12.00
Project("{2150E333-8FDC-42A3-9474-1A3956D46DE8}") = "Plugin", "Plugin", "{279CCB5C-D03C-449D-87A0-390B42D247A4}"
EndProject
Project("{2150E333-8FDC-42A3-9474-1A3956D46DE8}") = "Instagram", "Instagram", "{5BE92DA9-4C90-4E81-95C9-3B0A7D20BDEF}"
EndProject
Project("{FAE04EC0-301F-11D3-BF4B-00C04F79EFBC}") = "R2", "R2\R2.csproj", "{EB9344F6-D220-47CA-B6FF-33C9D9A0820B}"
EndProject
Project("{FAE04EC0-301F-11D3-BF4B-00C04F79EFBC}") = "R2.DependencyRegistration.Autofac", "R2.DependencyRegistration.Autofac\R2.DependencyRegistration.Autofac.csproj", "{92A6E0E3-C12A-46CE-80D1-18E534339513}"
EndProject
Project("{FAE04EC0-301F-11D3-BF4B-00C04F79EFBC}") = "R2.Aspect.Caching", "R2.Aspect.Caching\R2.Aspect.Caching.csproj", "{CE65163D-706B-4840-A771-C74EBA6A343C}"
EndProject
Project("{FAE04EC0-301F-11D3-BF4B-00C04F79EFBC}") = "R2.Aspect.Validation", "R2.Aspect.Validation\R2.Aspect.Validation.csproj", "{AE3EA8EF-7DD6-459E-90BA-E2E46ABC9FC3}"
EndProject
Project("{FAE04EC0-301F-11D3-BF4B-00C04F79EFBC}") = "R2.Aspect.Preprocessing", "R2.Aspect.Preprocessing\R2.Aspect.Preprocessing.csproj", "{49BCEAB3-1522-44B6-A463-7F03DAD42D1E}"
EndProject
Project("{FAE04EC0-301F-11D3-BF4B-00C04F79EFBC}") = "R2.Aspect.Postprocessing", "R2.Aspect.Postprocessing\R2.Aspect.Postprocessing.csproj", "{F4CEEE2A-C66F-45CC-B02C-EF763D9D42F8}"
EndProject
Project("{FAE04EC0-301F-11D3-BF4B-00C04F79EFBC}") = "R2.Aspect.Validation.Tests", "R2.Aspect.Validation.Tests\R2.Aspect.Validation.Tests.csproj", "{AC437BFA-99E9-4A62-B305-00B9828E3F0F}"
EndProject
Project("{FAE04EC0-301F-11D3-BF4B-00C04F79EFBC}") = "R2.All", "R2.All\R2.All.csproj", "{3A7176B2-787A-4607-92F1-4317304BC403}"
EndProject
Project("{FAE04EC0-301F-11D3-BF4B-00C04F79EFBC}") = "R2.Routing", "R2.Routing\R2.Routing.csproj", "{D2F3DE83-1010-4A9F-84A8-E1A4676778D7}"
EndProject
Project("{FAE04EC0-301F-11D3-BF4B-00C04F79EFBC}") = "R2.Routing.DependencyRegistration.Autofac", "R2.Routing.DependencyRegistration.Autofac\R2.Routing.DependencyRegistration.Autofac.csproj", "{3112FB3A-0EAC-42E3-896C-74B837440C49}"
EndProject
Project("{FAE04EC0-301F-11D3-BF4B-00C04F79EFBC}") = "ResponsibilityChain", "ResponsibilityChain\ResponsibilityChain.csproj", "{D8FE010E-C224-448F-8470-9BB38C7B0B77}"
EndProject
Project("{FAE04EC0-301F-11D3-BF4B-00C04F79EFBC}") = "R2.Routing.AspNetCore", "R2.Routing.AspNetCore\R2.Routing.AspNetCore.csproj", "{F3A4D056-08E3-4869-B508-49816E212D3B}"
EndProject
Project("{FAE04EC0-301F-11D3-BF4B-00C04F79EFBC}") = "R2.Routing.DefaultHandler", "R2.Routing.DefaultHandler\R2.Routing.DefaultHandler.csproj", "{0156AAB7-B94B-4FCF-881D-6974BB92E934}"
EndProject
Project("{FAE04EC0-301F-11D3-BF4B-00C04F79EFBC}") = "R2.Routing.DefaultHandler.DependencyRegistration.Autofac", "R2.Routing.DefaultHandler.DependencyRegistration.Autofac\R2.Routing.DefaultHandler.DependencyRegistration.Autofac.csproj", "{F7C41803-32B2-4615-A779-4E397CD35A7C}"
EndProject
Project("{FAE04EC0-301F-11D3-BF4B-00C04F79EFBC}") = "R2.Routing.AspNetCore.DependencyRegistration.Autofac", "R2.Routing.AspNetCore.DependencyRegistration.Autofac\R2.Routing.AspNetCore.DependencyRegistration.Autofac.csproj", "{32E143C3-9EE7-4F5D-96C0-1C3C50E2DD9F}"
EndProject
Project("{FAE04EC0-301F-11D3-BF4B-00C04F79EFBC}") = "R2.Query.Pagination", "R2.Query.Pagination\R2.Query.Pagination.csproj", "{6FA15659-990F-4E01-8A38-6BAAF36BC0FB}"
EndProject
Project("{FAE04EC0-301F-11D3-BF4B-00C04F79EFBC}") = "R2.DependencyRegistration.Autofac.Extensions", "R2.DependencyRegistration.Autofac.Extensions\R2.DependencyRegistration.Autofac.Extensions.csproj", "{0A11B820-CF67-4432-A786-35F32873E8B9}"
EndProject
Project("{2150E333-8FDC-42A3-9474-1A3956D46DE8}") = "Core", "Core", "{EB00A0E5-75C3-4E8D-83AF-90B15EA47B81}"
EndProject
Project("{FAE04EC0-301F-11D3-BF4B-00C04F79EFBC}") = "Brick.IO", "Brick.IO\Brick.IO.csproj", "{B11105BE-2C08-4C05-BD12-BC8466737274}"
EndProject
Project("{FAE04EC0-301F-11D3-BF4B-00C04F79EFBC}") = "Brick.IO.FileSystem", "Brick.IO.FileSystem\Brick.IO.FileSystem.csproj", "{4E4874F8-3AD7-488F-8C77-31972DF3585F}"
EndProject
Project("{FAE04EC0-301F-11D3-BF4B-00C04F79EFBC}") = "LinkExtractor.Instagram", "LinkExtractor.Instagram\LinkExtractor.Instagram.csproj", "{9E4BAAA1-CBC0-4F0A-B3D0-7E89E0EAD172}"
EndProject
Project("{FAE04EC0-301F-11D3-BF4B-00C04F79EFBC}") = "LinkExtractor.Instagram.DependencyRegistration.Autofac", "LinkExtractor.Instagram.DependencyRegistration.Autofac\LinkExtractor.Instagram.DependencyRegistration.Autofac.csproj", "{17EBBE33-AA27-41F4-85FD-B5B6051F83A3}"
EndProject
Project("{FAE04EC0-301F-11D3-BF4B-00C04F79EFBC}") = "LinkExtractor.Instagram.Tests", "LinkExtractor.Instagram.Tests\LinkExtractor.Instagram.Tests.csproj", "{67E85C33-CC57-43D1-9782-4CAF2103D717}"
EndProject
Project("{FAE04EC0-301F-11D3-BF4B-00C04F79EFBC}") = "LinkExtractor.Tests", "LinkExtractor.Tests\LinkExtractor.Tests.csproj", "{F89AE8FF-1661-4D6B-807D-3DCD208B47C5}"
EndProject
Global
	GlobalSection(SolutionConfigurationPlatforms) = preSolution
		Debug|Any CPU = Debug|Any CPU
		Release|Any CPU = Release|Any CPU
	EndGlobalSection
	GlobalSection(ProjectConfigurationPlatforms) = postSolution
		{EB9344F6-D220-47CA-B6FF-33C9D9A0820B}.Debug|Any CPU.ActiveCfg = Debug|Any CPU
		{EB9344F6-D220-47CA-B6FF-33C9D9A0820B}.Debug|Any CPU.Build.0 = Debug|Any CPU
		{EB9344F6-D220-47CA-B6FF-33C9D9A0820B}.Release|Any CPU.ActiveCfg = Release|Any CPU
		{EB9344F6-D220-47CA-B6FF-33C9D9A0820B}.Release|Any CPU.Build.0 = Release|Any CPU
		{92A6E0E3-C12A-46CE-80D1-18E534339513}.Debug|Any CPU.ActiveCfg = Debug|Any CPU
		{92A6E0E3-C12A-46CE-80D1-18E534339513}.Debug|Any CPU.Build.0 = Debug|Any CPU
		{92A6E0E3-C12A-46CE-80D1-18E534339513}.Release|Any CPU.ActiveCfg = Release|Any CPU
		{92A6E0E3-C12A-46CE-80D1-18E534339513}.Release|Any CPU.Build.0 = Release|Any CPU
		{CE65163D-706B-4840-A771-C74EBA6A343C}.Debug|Any CPU.ActiveCfg = Debug|Any CPU
		{CE65163D-706B-4840-A771-C74EBA6A343C}.Debug|Any CPU.Build.0 = Debug|Any CPU
		{CE65163D-706B-4840-A771-C74EBA6A343C}.Release|Any CPU.ActiveCfg = Release|Any CPU
		{CE65163D-706B-4840-A771-C74EBA6A343C}.Release|Any CPU.Build.0 = Release|Any CPU
		{AE3EA8EF-7DD6-459E-90BA-E2E46ABC9FC3}.Debug|Any CPU.ActiveCfg = Debug|Any CPU
		{AE3EA8EF-7DD6-459E-90BA-E2E46ABC9FC3}.Debug|Any CPU.Build.0 = Debug|Any CPU
		{AE3EA8EF-7DD6-459E-90BA-E2E46ABC9FC3}.Release|Any CPU.ActiveCfg = Release|Any CPU
		{AE3EA8EF-7DD6-459E-90BA-E2E46ABC9FC3}.Release|Any CPU.Build.0 = Release|Any CPU
		{49BCEAB3-1522-44B6-A463-7F03DAD42D1E}.Debug|Any CPU.ActiveCfg = Debug|Any CPU
		{49BCEAB3-1522-44B6-A463-7F03DAD42D1E}.Debug|Any CPU.Build.0 = Debug|Any CPU
		{49BCEAB3-1522-44B6-A463-7F03DAD42D1E}.Release|Any CPU.ActiveCfg = Release|Any CPU
		{49BCEAB3-1522-44B6-A463-7F03DAD42D1E}.Release|Any CPU.Build.0 = Release|Any CPU
		{F4CEEE2A-C66F-45CC-B02C-EF763D9D42F8}.Debug|Any CPU.ActiveCfg = Debug|Any CPU
		{F4CEEE2A-C66F-45CC-B02C-EF763D9D42F8}.Debug|Any CPU.Build.0 = Debug|Any CPU
		{F4CEEE2A-C66F-45CC-B02C-EF763D9D42F8}.Release|Any CPU.ActiveCfg = Release|Any CPU
		{F4CEEE2A-C66F-45CC-B02C-EF763D9D42F8}.Release|Any CPU.Build.0 = Release|Any CPU
		{AC437BFA-99E9-4A62-B305-00B9828E3F0F}.Debug|Any CPU.ActiveCfg = Debug|Any CPU
		{AC437BFA-99E9-4A62-B305-00B9828E3F0F}.Debug|Any CPU.Build.0 = Debug|Any CPU
		{AC437BFA-99E9-4A62-B305-00B9828E3F0F}.Release|Any CPU.ActiveCfg = Release|Any CPU
		{AC437BFA-99E9-4A62-B305-00B9828E3F0F}.Release|Any CPU.Build.0 = Release|Any CPU
		{3A7176B2-787A-4607-92F1-4317304BC403}.Debug|Any CPU.ActiveCfg = Debug|Any CPU
		{3A7176B2-787A-4607-92F1-4317304BC403}.Debug|Any CPU.Build.0 = Debug|Any CPU
		{3A7176B2-787A-4607-92F1-4317304BC403}.Release|Any CPU.ActiveCfg = Release|Any CPU
		{3A7176B2-787A-4607-92F1-4317304BC403}.Release|Any CPU.Build.0 = Release|Any CPU
		{D2F3DE83-1010-4A9F-84A8-E1A4676778D7}.Debug|Any CPU.ActiveCfg = Debug|Any CPU
		{D2F3DE83-1010-4A9F-84A8-E1A4676778D7}.Debug|Any CPU.Build.0 = Debug|Any CPU
		{D2F3DE83-1010-4A9F-84A8-E1A4676778D7}.Release|Any CPU.ActiveCfg = Release|Any CPU
		{D2F3DE83-1010-4A9F-84A8-E1A4676778D7}.Release|Any CPU.Build.0 = Release|Any CPU
		{3112FB3A-0EAC-42E3-896C-74B837440C49}.Debug|Any CPU.ActiveCfg = Debug|Any CPU
		{3112FB3A-0EAC-42E3-896C-74B837440C49}.Debug|Any CPU.Build.0 = Debug|Any CPU
		{3112FB3A-0EAC-42E3-896C-74B837440C49}.Release|Any CPU.ActiveCfg = Release|Any CPU
		{3112FB3A-0EAC-42E3-896C-74B837440C49}.Release|Any CPU.Build.0 = Release|Any CPU
		{D8FE010E-C224-448F-8470-9BB38C7B0B77}.Debug|Any CPU.ActiveCfg = Debug|Any CPU
		{D8FE010E-C224-448F-8470-9BB38C7B0B77}.Debug|Any CPU.Build.0 = Debug|Any CPU
		{D8FE010E-C224-448F-8470-9BB38C7B0B77}.Release|Any CPU.ActiveCfg = Release|Any CPU
		{D8FE010E-C224-448F-8470-9BB38C7B0B77}.Release|Any CPU.Build.0 = Release|Any CPU
		{F3A4D056-08E3-4869-B508-49816E212D3B}.Debug|Any CPU.ActiveCfg = Debug|Any CPU
		{F3A4D056-08E3-4869-B508-49816E212D3B}.Debug|Any CPU.Build.0 = Debug|Any CPU
		{F3A4D056-08E3-4869-B508-49816E212D3B}.Release|Any CPU.ActiveCfg = Release|Any CPU
		{F3A4D056-08E3-4869-B508-49816E212D3B}.Release|Any CPU.Build.0 = Release|Any CPU
		{0156AAB7-B94B-4FCF-881D-6974BB92E934}.Debug|Any CPU.ActiveCfg = Debug|Any CPU
		{0156AAB7-B94B-4FCF-881D-6974BB92E934}.Debug|Any CPU.Build.0 = Debug|Any CPU
		{0156AAB7-B94B-4FCF-881D-6974BB92E934}.Release|Any CPU.ActiveCfg = Release|Any CPU
		{0156AAB7-B94B-4FCF-881D-6974BB92E934}.Release|Any CPU.Build.0 = Release|Any CPU
		{F7C41803-32B2-4615-A779-4E397CD35A7C}.Debug|Any CPU.ActiveCfg = Debug|Any CPU
		{F7C41803-32B2-4615-A779-4E397CD35A7C}.Debug|Any CPU.Build.0 = Debug|Any CPU
		{F7C41803-32B2-4615-A779-4E397CD35A7C}.Release|Any CPU.ActiveCfg = Release|Any CPU
		{F7C41803-32B2-4615-A779-4E397CD35A7C}.Release|Any CPU.Build.0 = Release|Any CPU
		{32E143C3-9EE7-4F5D-96C0-1C3C50E2DD9F}.Debug|Any CPU.ActiveCfg = Debug|Any CPU
		{32E143C3-9EE7-4F5D-96C0-1C3C50E2DD9F}.Debug|Any CPU.Build.0 = Debug|Any CPU
		{32E143C3-9EE7-4F5D-96C0-1C3C50E2DD9F}.Release|Any CPU.ActiveCfg = Release|Any CPU
		{32E143C3-9EE7-4F5D-96C0-1C3C50E2DD9F}.Release|Any CPU.Build.0 = Release|Any CPU
		{6FA15659-990F-4E01-8A38-6BAAF36BC0FB}.Debug|Any CPU.ActiveCfg = Debug|Any CPU
		{6FA15659-990F-4E01-8A38-6BAAF36BC0FB}.Debug|Any CPU.Build.0 = Debug|Any CPU
		{6FA15659-990F-4E01-8A38-6BAAF36BC0FB}.Release|Any CPU.ActiveCfg = Release|Any CPU
		{6FA15659-990F-4E01-8A38-6BAAF36BC0FB}.Release|Any CPU.Build.0 = Release|Any CPU
		{0A11B820-CF67-4432-A786-35F32873E8B9}.Debug|Any CPU.ActiveCfg = Debug|Any CPU
		{0A11B820-CF67-4432-A786-35F32873E8B9}.Debug|Any CPU.Build.0 = Debug|Any CPU
		{0A11B820-CF67-4432-A786-35F32873E8B9}.Release|Any CPU.ActiveCfg = Release|Any CPU
		{0A11B820-CF67-4432-A786-35F32873E8B9}.Release|Any CPU.Build.0 = Release|Any CPU
		{B11105BE-2C08-4C05-BD12-BC8466737274}.Debug|Any CPU.ActiveCfg = Debug|Any CPU
		{B11105BE-2C08-4C05-BD12-BC8466737274}.Debug|Any CPU.Build.0 = Debug|Any CPU
		{B11105BE-2C08-4C05-BD12-BC8466737274}.Release|Any CPU.ActiveCfg = Release|Any CPU
		{B11105BE-2C08-4C05-BD12-BC8466737274}.Release|Any CPU.Build.0 = Release|Any CPU
		{4E4874F8-3AD7-488F-8C77-31972DF3585F}.Debug|Any CPU.ActiveCfg = Debug|Any CPU
		{4E4874F8-3AD7-488F-8C77-31972DF3585F}.Debug|Any CPU.Build.0 = Debug|Any CPU
		{4E4874F8-3AD7-488F-8C77-31972DF3585F}.Release|Any CPU.ActiveCfg = Release|Any CPU
		{4E4874F8-3AD7-488F-8C77-31972DF3585F}.Release|Any CPU.Build.0 = Release|Any CPU
		{9E4BAAA1-CBC0-4F0A-B3D0-7E89E0EAD172}.Debug|Any CPU.ActiveCfg = Debug|Any CPU
		{9E4BAAA1-CBC0-4F0A-B3D0-7E89E0EAD172}.Debug|Any CPU.Build.0 = Debug|Any CPU
		{9E4BAAA1-CBC0-4F0A-B3D0-7E89E0EAD172}.Release|Any CPU.ActiveCfg = Release|Any CPU
		{9E4BAAA1-CBC0-4F0A-B3D0-7E89E0EAD172}.Release|Any CPU.Build.0 = Release|Any CPU
		{17EBBE33-AA27-41F4-85FD-B5B6051F83A3}.Debug|Any CPU.ActiveCfg = Debug|Any CPU
		{17EBBE33-AA27-41F4-85FD-B5B6051F83A3}.Debug|Any CPU.Build.0 = Debug|Any CPU
		{17EBBE33-AA27-41F4-85FD-B5B6051F83A3}.Release|Any CPU.ActiveCfg = Release|Any CPU
		{17EBBE33-AA27-41F4-85FD-B5B6051F83A3}.Release|Any CPU.Build.0 = Release|Any CPU
		{67E85C33-CC57-43D1-9782-4CAF2103D717}.Debug|Any CPU.ActiveCfg = Debug|Any CPU
		{67E85C33-CC57-43D1-9782-4CAF2103D717}.Debug|Any CPU.Build.0 = Debug|Any CPU
		{67E85C33-CC57-43D1-9782-4CAF2103D717}.Release|Any CPU.ActiveCfg = Release|Any CPU
		{67E85C33-CC57-43D1-9782-4CAF2103D717}.Release|Any CPU.Build.0 = Release|Any CPU
		{F89AE8FF-1661-4D6B-807D-3DCD208B47C5}.Debug|Any CPU.ActiveCfg = Debug|Any CPU
		{F89AE8FF-1661-4D6B-807D-3DCD208B47C5}.Debug|Any CPU.Build.0 = Debug|Any CPU
		{F89AE8FF-1661-4D6B-807D-3DCD208B47C5}.Release|Any CPU.ActiveCfg = Release|Any CPU
		{F89AE8FF-1661-4D6B-807D-3DCD208B47C5}.Release|Any CPU.Build.0 = Release|Any CPU
	EndGlobalSection
	GlobalSection(NestedProjects) = preSolution
		{5BE92DA9-4C90-4E81-95C9-3B0A7D20BDEF} = {279CCB5C-D03C-449D-87A0-390B42D247A4}
		{EB9344F6-D220-47CA-B6FF-33C9D9A0820B} = {EB00A0E5-75C3-4E8D-83AF-90B15EA47B81}
		{3A7176B2-787A-4607-92F1-4317304BC403} = {EB00A0E5-75C3-4E8D-83AF-90B15EA47B81}
		{CE65163D-706B-4840-A771-C74EBA6A343C} = {EB00A0E5-75C3-4E8D-83AF-90B15EA47B81}
		{F4CEEE2A-C66F-45CC-B02C-EF763D9D42F8} = {EB00A0E5-75C3-4E8D-83AF-90B15EA47B81}
		{49BCEAB3-1522-44B6-A463-7F03DAD42D1E} = {EB00A0E5-75C3-4E8D-83AF-90B15EA47B81}
		{AE3EA8EF-7DD6-459E-90BA-E2E46ABC9FC3} = {EB00A0E5-75C3-4E8D-83AF-90B15EA47B81}
		{AC437BFA-99E9-4A62-B305-00B9828E3F0F} = {EB00A0E5-75C3-4E8D-83AF-90B15EA47B81}
		{92A6E0E3-C12A-46CE-80D1-18E534339513} = {EB00A0E5-75C3-4E8D-83AF-90B15EA47B81}
		{0A11B820-CF67-4432-A786-35F32873E8B9} = {EB00A0E5-75C3-4E8D-83AF-90B15EA47B81}
		{6FA15659-990F-4E01-8A38-6BAAF36BC0FB} = {EB00A0E5-75C3-4E8D-83AF-90B15EA47B81}
		{D2F3DE83-1010-4A9F-84A8-E1A4676778D7} = {EB00A0E5-75C3-4E8D-83AF-90B15EA47B81}
		{F3A4D056-08E3-4869-B508-49816E212D3B} = {EB00A0E5-75C3-4E8D-83AF-90B15EA47B81}
		{32E143C3-9EE7-4F5D-96C0-1C3C50E2DD9F} = {EB00A0E5-75C3-4E8D-83AF-90B15EA47B81}
		{0156AAB7-B94B-4FCF-881D-6974BB92E934} = {EB00A0E5-75C3-4E8D-83AF-90B15EA47B81}
		{F7C41803-32B2-4615-A779-4E397CD35A7C} = {EB00A0E5-75C3-4E8D-83AF-90B15EA47B81}
		{3112FB3A-0EAC-42E3-896C-74B837440C49} = {EB00A0E5-75C3-4E8D-83AF-90B15EA47B81}
		{D8FE010E-C224-448F-8470-9BB38C7B0B77} = {EB00A0E5-75C3-4E8D-83AF-90B15EA47B81}
		{B11105BE-2C08-4C05-BD12-BC8466737274} = {EB00A0E5-75C3-4E8D-83AF-90B15EA47B81}
		{4E4874F8-3AD7-488F-8C77-31972DF3585F} = {EB00A0E5-75C3-4E8D-83AF-90B15EA47B81}
		{9E4BAAA1-CBC0-4F0A-B3D0-7E89E0EAD172} = {5BE92DA9-4C90-4E81-95C9-3B0A7D20BDEF}
		{17EBBE33-AA27-41F4-85FD-B5B6051F83A3} = {5BE92DA9-4C90-4E81-95C9-3B0A7D20BDEF}
		{67E85C33-CC57-43D1-9782-4CAF2103D717} = {5BE92DA9-4C90-4E81-95C9-3B0A7D20BDEF}
	EndGlobalSection
EndGlobal
